
Microsoft Visual Studio Solution File, Format Version 12.00
# Visual Studio Version 16
VisualStudioVersion = 16.0.30413.136
MinimumVisualStudioVersion = 10.0.40219.1
Project("{9A19103F-16F7-4668-BE54-9A1E7A4F7556}") = "PetShop.Core.Entities", "PetShop.Core.Entities\PetShop.Core.Entities.csproj", "{CCBAE394-CD55-42A5-AD46-3A798EDC6672}"
EndProject
Project("{9A19103F-16F7-4668-BE54-9A1E7A4F7556}") = "PetShop.Core", "PetShop.Core\PetShop.Core.csproj", "{9522C8EB-504C-4A87-8802-C70FB0E242B6}"
EndProject
Project("{9A19103F-16F7-4668-BE54-9A1E7A4F7556}") = "PetShop.Core.Search", "PetShop.Core.Search\PetShop.Core.Search.csproj", "{3B7C82E3-152E-445F-ABAB-69C27BC5930D}"
EndProject
Project("{9A19103F-16F7-4668-BE54-9A1E7A4F7556}") = "PetShop.RestAPI", "PetShop.RestAPI\PetShop.RestAPI.csproj", "{091C8BB1-7D75-44BB-A723-E3BCEA636FFD}"
EndProject
Project("{9A19103F-16F7-4668-BE54-9A1E7A4F7556}") = "PetShop.Infrastructure.SQLLite.Data", "PetShop.Infrastructure.MSSQL.Data\PetShop.Infrastructure.SQLLite.Data.csproj", "{AA03904F-A12E-416B-B2E2-25F319A064D0}"
EndProject
Project("{9A19103F-16F7-4668-BE54-9A1E7A4F7556}") = "PetShop.Infrastructure.DataInitializer", "PetShop.Infrastructure.DataInitializer\PetShop.Infrastructure.DataInitializer.csproj", "{DD937187-690B-459B-856D-B47DF306E340}"
EndProject
Global
	GlobalSection(SolutionConfigurationPlatforms) = preSolution
		Debug|Any CPU = Debug|Any CPU
		Release|Any CPU = Release|Any CPU
	EndGlobalSection
	GlobalSection(ProjectConfigurationPlatforms) = postSolution
		{CCBAE394-CD55-42A5-AD46-3A798EDC6672}.Debug|Any CPU.ActiveCfg = Debug|Any CPU
		{CCBAE394-CD55-42A5-AD46-3A798EDC6672}.Debug|Any CPU.Build.0 = Debug|Any CPU
		{CCBAE394-CD55-42A5-AD46-3A798EDC6672}.Release|Any CPU.ActiveCfg = Release|Any CPU
		{CCBAE394-CD55-42A5-AD46-3A798EDC6672}.Release|Any CPU.Build.0 = Release|Any CPU
		{9522C8EB-504C-4A87-8802-C70FB0E242B6}.Debug|Any CPU.ActiveCfg = Debug|Any CPU
		{9522C8EB-504C-4A87-8802-C70FB0E242B6}.Debug|Any CPU.Build.0 = Debug|Any CPU
		{9522C8EB-504C-4A87-8802-C70FB0E242B6}.Release|Any CPU.ActiveCfg = Release|Any CPU
		{9522C8EB-504C-4A87-8802-C70FB0E242B6}.Release|Any CPU.Build.0 = Release|Any CPU
		{3B7C82E3-152E-445F-ABAB-69C27BC5930D}.Debug|Any CPU.ActiveCfg = Debug|Any CPU
		{3B7C82E3-152E-445F-ABAB-69C27BC5930D}.Debug|Any CPU.Build.0 = Debug|Any CPU
		{3B7C82E3-152E-445F-ABAB-69C27BC5930D}.Release|Any CPU.ActiveCfg = Release|Any CPU
		{3B7C82E3-152E-445F-ABAB-69C27BC5930D}.Release|Any CPU.Build.0 = Release|Any CPU
		{091C8BB1-7D75-44BB-A723-E3BCEA636FFD}.Debug|Any CPU.ActiveCfg = Debug|Any CPU
		{091C8BB1-7D75-44BB-A723-E3BCEA636FFD}.Debug|Any CPU.Build.0 = Debug|Any CPU
		{091C8BB1-7D75-44BB-A723-E3BCEA636FFD}.Release|Any CPU.ActiveCfg = Release|Any CPU
		{091C8BB1-7D75-44BB-A723-E3BCEA636FFD}.Release|Any CPU.Build.0 = Release|Any CPU
		{AA03904F-A12E-416B-B2E2-25F319A064D0}.Debug|Any CPU.ActiveCfg = Debug|Any CPU
		{AA03904F-A12E-416B-B2E2-25F319A064D0}.Debug|Any CPU.Build.0 = Debug|Any CPU
		{AA03904F-A12E-416B-B2E2-25F319A064D0}.Release|Any CPU.ActiveCfg = Release|Any CPU
		{AA03904F-A12E-416B-B2E2-25F319A064D0}.Release|Any CPU.Build.0 = Release|Any CPU
		{DD937187-690B-459B-856D-B47DF306E340}.Debug|Any CPU.ActiveCfg = Debug|Any CPU
		{DD937187-690B-459B-856D-B47DF306E340}.Debug|Any CPU.Build.0 = Debug|Any CPU
		{DD937187-690B-459B-856D-B47DF306E340}.Release|Any CPU.ActiveCfg = Release|Any CPU
		{DD937187-690B-459B-856D-B47DF306E340}.Release|Any CPU.Build.0 = Release|Any CPU
	EndGlobalSection
	GlobalSection(SolutionProperties) = preSolution
		HideSolutionNode = FALSE
	EndGlobalSection
	GlobalSection(ExtensibilityGlobals) = postSolution
		SolutionGuid = {0267E21C-E830-4601-8C1D-60549C9C749D}
	EndGlobalSection
EndGlobal
